
Microsoft Visual Studio Solution File, Format Version 12.00
# Visual Studio Version 16
VisualStudioVersion = 16.0.30104.148
MinimumVisualStudioVersion = 10.0.40219.1
Project("{FAE04EC0-301F-11D3-BF4B-00C04F79EFBC}") = "fireApi", "fireApi.csproj", "{13F91EF6-8562-4626-9DFE-860D5785D788}"
EndProject
Global
	GlobalSection(SolutionConfigurationPlatforms) = preSolution
		Debug|Any CPU = Debug|Any CPU
		Release|Any CPU = Release|Any CPU
	EndGlobalSection
	GlobalSection(ProjectConfigurationPlatforms) = postSolution
		{13F91EF6-8562-4626-9DFE-860D5785D788}.Debug|Any CPU.ActiveCfg = Debug|Any CPU
		{13F91EF6-8562-4626-9DFE-860D5785D788}.Debug|Any CPU.Build.0 = Debug|Any CPU
		{13F91EF6-8562-4626-9DFE-860D5785D788}.Release|Any CPU.ActiveCfg = Release|Any CPU
		{13F91EF6-8562-4626-9DFE-860D5785D788}.Release|Any CPU.Build.0 = Release|Any CPU
	EndGlobalSection
	GlobalSection(SolutionProperties) = preSolution
		HideSolutionNode = FALSE
	EndGlobalSection
	GlobalSection(ExtensibilityGlobals) = postSolution
		SolutionGuid = {E5269647-90C2-4958-9384-6D0C91621E62}
	EndGlobalSection
EndGlobal
